
Microsoft Visual Studio Solution File, Format Version 12.00
# Visual Studio Version 17
VisualStudioVersion = 17.7.34221.43
MinimumVisualStudioVersion = 10.0.40219.1
Project("{9A19103F-16F7-4668-BE54-9A1E7A4F7556}") = "Numberverification", "Numberverification\Numberverification.csproj", "{53AF0990-16B9-437C-A9D4-3BD9D92B195D}"
EndProject
Project("{9A19103F-16F7-4668-BE54-9A1E7A4F7556}") = "Numberverification.Tests", "Numberverification.Tests\Numberverification.Tests.csproj", "{5ECBFAD5-535C-4994-B2C1-07B736611AEC}"
	ProjectSection(ProjectDependencies) = postProject
		{53AF0990-16B9-437C-A9D4-3BD9D92B195D} = {53AF0990-16B9-437C-A9D4-3BD9D92B195D}
	EndProjectSection
EndProject
Project("{9A19103F-16F7-4668-BE54-9A1E7A4F7556}") = "BankApplication", "BankApplication\BankApplication.csproj", "{90AB9E5B-BCC8-43F9-A2A6-D461C062F831}"
EndProject
Project("{9A19103F-16F7-4668-BE54-9A1E7A4F7556}") = "BankApplication.Tests", "BankApplication.Tests\BankApplication.Tests.csproj", "{8B858241-7E66-4DFF-8FC9-386BCED25113}"
EndProject
Project("{2150E333-8FDC-42A3-9474-1A3956D46DE8}") = "BankApplicationFolder", "BankApplicationFolder", "{790A1522-D519-49CF-9A95-A02055DFDA42}"
EndProject
Project("{2150E333-8FDC-42A3-9474-1A3956D46DE8}") = "NumberverificationFolder", "NumberverificationFolder", "{60A0B974-9779-42BA-955D-8AFC2A78A4FF}"
EndProject
Project("{2150E333-8FDC-42A3-9474-1A3956D46DE8}") = "TodoListFolder", "TodoListFolder", "{78D23A5A-00DB-4512-BFC1-30A900043F6F}"
EndProject
Project("{9A19103F-16F7-4668-BE54-9A1E7A4F7556}") = "TodoList", "TodoList\TodoList.csproj", "{376491C7-1609-4B58-BF1D-B6030D9B07B6}"
EndProject
Project("{9A19103F-16F7-4668-BE54-9A1E7A4F7556}") = "TodoList.Tests", "TodoList.Tests\TodoList.Tests.csproj", "{827E7395-783D-460A-886F-495B79C39EE5}"
EndProject
Project("{2150E333-8FDC-42A3-9474-1A3956D46DE8}") = "WeatherAppFolder", "WeatherAppFolder", "{7AB1676B-598B-4192-949D-C0B97F92F4A5}"
EndProject
Project("{9A19103F-16F7-4668-BE54-9A1E7A4F7556}") = "WeatherApp", "WeatherApp\WeatherApp.csproj", "{6C99F7C6-D2C3-42EC-AADD-69F1CF1CB982}"
EndProject
Project("{9A19103F-16F7-4668-BE54-9A1E7A4F7556}") = "WeatherApp.Tests", "WeatherApp.Tests\WeatherApp.Tests.csproj", "{CFA863C5-FA20-405D-A7D1-8D26E037DE9E}"
EndProject
Project("{2150E333-8FDC-42A3-9474-1A3956D46DE8}") = "MoqDemoFolder", "MoqDemoFolder", "{B56DC0D1-625B-4C5A-A9AD-E4818AFB9131}"
EndProject
Project("{9A19103F-16F7-4668-BE54-9A1E7A4F7556}") = "UserAuthenticator", "UserAuthentcator\UserAuthenticator.csproj", "{3FB71B16-3763-4228-B9CE-5346C90811CF}"
EndProject
Project("{9A19103F-16F7-4668-BE54-9A1E7A4F7556}") = "UserAuthenticator.Tests", "UserAuthenticatior.Tests\UserAuthenticator.Tests.csproj", "{B051239B-CD48-432F-9E0D-704F62CC3DCB}"
EndProject
Project("{2150E333-8FDC-42A3-9474-1A3956D46DE8}") = "TodoFolder", "TodoFolder", "{17C535B3-B099-4B2D-966A-B2F1B42004EC}"
EndProject
Project("{9A19103F-16F7-4668-BE54-9A1E7A4F7556}") = "Todo.Core", "Todo\Todo.Core.csproj", "{BB679F59-7DD6-4FC4-B8A9-C5ADA6348FBE}"
EndProject
Project("{9A19103F-16F7-4668-BE54-9A1E7A4F7556}") = "Todo.Tests", "Todo.Tests\Todo.Tests.csproj", "{A7E58D6F-DA72-4BF5-815F-2B8D7C2C783B}"
EndProject
Project("{9A19103F-16F7-4668-BE54-9A1E7A4F7556}") = "Todo.Cli", "TodolistProgram\Todo.Cli.csproj", "{62649890-9FB2-40B9-A215-48A119CF3C13}"
EndProject
Global
	GlobalSection(SolutionConfigurationPlatforms) = preSolution
		Debug|Any CPU = Debug|Any CPU
		Release|Any CPU = Release|Any CPU
	EndGlobalSection
	GlobalSection(ProjectConfigurationPlatforms) = postSolution
		{53AF0990-16B9-437C-A9D4-3BD9D92B195D}.Debug|Any CPU.ActiveCfg = Debug|Any CPU
		{53AF0990-16B9-437C-A9D4-3BD9D92B195D}.Debug|Any CPU.Build.0 = Debug|Any CPU
		{53AF0990-16B9-437C-A9D4-3BD9D92B195D}.Release|Any CPU.ActiveCfg = Release|Any CPU
		{53AF0990-16B9-437C-A9D4-3BD9D92B195D}.Release|Any CPU.Build.0 = Release|Any CPU
		{5ECBFAD5-535C-4994-B2C1-07B736611AEC}.Debug|Any CPU.ActiveCfg = Debug|Any CPU
		{5ECBFAD5-535C-4994-B2C1-07B736611AEC}.Debug|Any CPU.Build.0 = Debug|Any CPU
		{5ECBFAD5-535C-4994-B2C1-07B736611AEC}.Release|Any CPU.ActiveCfg = Release|Any CPU
		{5ECBFAD5-535C-4994-B2C1-07B736611AEC}.Release|Any CPU.Build.0 = Release|Any CPU
		{90AB9E5B-BCC8-43F9-A2A6-D461C062F831}.Debug|Any CPU.ActiveCfg = Debug|Any CPU
		{90AB9E5B-BCC8-43F9-A2A6-D461C062F831}.Debug|Any CPU.Build.0 = Debug|Any CPU
		{90AB9E5B-BCC8-43F9-A2A6-D461C062F831}.Release|Any CPU.ActiveCfg = Release|Any CPU
		{90AB9E5B-BCC8-43F9-A2A6-D461C062F831}.Release|Any CPU.Build.0 = Release|Any CPU
		{8B858241-7E66-4DFF-8FC9-386BCED25113}.Debug|Any CPU.ActiveCfg = Debug|Any CPU
		{8B858241-7E66-4DFF-8FC9-386BCED25113}.Debug|Any CPU.Build.0 = Debug|Any CPU
		{8B858241-7E66-4DFF-8FC9-386BCED25113}.Release|Any CPU.ActiveCfg = Release|Any CPU
		{8B858241-7E66-4DFF-8FC9-386BCED25113}.Release|Any CPU.Build.0 = Release|Any CPU
		{376491C7-1609-4B58-BF1D-B6030D9B07B6}.Debug|Any CPU.ActiveCfg = Debug|Any CPU
		{376491C7-1609-4B58-BF1D-B6030D9B07B6}.Debug|Any CPU.Build.0 = Debug|Any CPU
		{376491C7-1609-4B58-BF1D-B6030D9B07B6}.Release|Any CPU.ActiveCfg = Release|Any CPU
		{376491C7-1609-4B58-BF1D-B6030D9B07B6}.Release|Any CPU.Build.0 = Release|Any CPU
		{827E7395-783D-460A-886F-495B79C39EE5}.Debug|Any CPU.ActiveCfg = Debug|Any CPU
		{827E7395-783D-460A-886F-495B79C39EE5}.Debug|Any CPU.Build.0 = Debug|Any CPU
		{827E7395-783D-460A-886F-495B79C39EE5}.Release|Any CPU.ActiveCfg = Release|Any CPU
		{827E7395-783D-460A-886F-495B79C39EE5}.Release|Any CPU.Build.0 = Release|Any CPU
		{6C99F7C6-D2C3-42EC-AADD-69F1CF1CB982}.Debug|Any CPU.ActiveCfg = Debug|Any CPU
		{6C99F7C6-D2C3-42EC-AADD-69F1CF1CB982}.Debug|Any CPU.Build.0 = Debug|Any CPU
		{6C99F7C6-D2C3-42EC-AADD-69F1CF1CB982}.Release|Any CPU.ActiveCfg = Release|Any CPU
		{6C99F7C6-D2C3-42EC-AADD-69F1CF1CB982}.Release|Any CPU.Build.0 = Release|Any CPU
		{CFA863C5-FA20-405D-A7D1-8D26E037DE9E}.Debug|Any CPU.ActiveCfg = Debug|Any CPU
		{CFA863C5-FA20-405D-A7D1-8D26E037DE9E}.Debug|Any CPU.Build.0 = Debug|Any CPU
		{CFA863C5-FA20-405D-A7D1-8D26E037DE9E}.Release|Any CPU.ActiveCfg = Release|Any CPU
		{CFA863C5-FA20-405D-A7D1-8D26E037DE9E}.Release|Any CPU.Build.0 = Release|Any CPU
		{3FB71B16-3763-4228-B9CE-5346C90811CF}.Debug|Any CPU.ActiveCfg = Debug|Any CPU
		{3FB71B16-3763-4228-B9CE-5346C90811CF}.Debug|Any CPU.Build.0 = Debug|Any CPU
		{3FB71B16-3763-4228-B9CE-5346C90811CF}.Release|Any CPU.ActiveCfg = Release|Any CPU
		{3FB71B16-3763-4228-B9CE-5346C90811CF}.Release|Any CPU.Build.0 = Release|Any CPU
		{B051239B-CD48-432F-9E0D-704F62CC3DCB}.Debug|Any CPU.ActiveCfg = Debug|Any CPU
		{B051239B-CD48-432F-9E0D-704F62CC3DCB}.Debug|Any CPU.Build.0 = Debug|Any CPU
		{B051239B-CD48-432F-9E0D-704F62CC3DCB}.Release|Any CPU.ActiveCfg = Release|Any CPU
		{B051239B-CD48-432F-9E0D-704F62CC3DCB}.Release|Any CPU.Build.0 = Release|Any CPU
		{BB679F59-7DD6-4FC4-B8A9-C5ADA6348FBE}.Debug|Any CPU.ActiveCfg = Debug|Any CPU
		{BB679F59-7DD6-4FC4-B8A9-C5ADA6348FBE}.Debug|Any CPU.Build.0 = Debug|Any CPU
		{BB679F59-7DD6-4FC4-B8A9-C5ADA6348FBE}.Release|Any CPU.ActiveCfg = Release|Any CPU
		{BB679F59-7DD6-4FC4-B8A9-C5ADA6348FBE}.Release|Any CPU.Build.0 = Release|Any CPU
		{A7E58D6F-DA72-4BF5-815F-2B8D7C2C783B}.Debug|Any CPU.ActiveCfg = Debug|Any CPU
		{A7E58D6F-DA72-4BF5-815F-2B8D7C2C783B}.Debug|Any CPU.Build.0 = Debug|Any CPU
		{A7E58D6F-DA72-4BF5-815F-2B8D7C2C783B}.Release|Any CPU.ActiveCfg = Release|Any CPU
		{A7E58D6F-DA72-4BF5-815F-2B8D7C2C783B}.Release|Any CPU.Build.0 = Release|Any CPU
		{62649890-9FB2-40B9-A215-48A119CF3C13}.Debug|Any CPU.ActiveCfg = Debug|Any CPU
		{62649890-9FB2-40B9-A215-48A119CF3C13}.Debug|Any CPU.Build.0 = Debug|Any CPU
		{62649890-9FB2-40B9-A215-48A119CF3C13}.Release|Any CPU.ActiveCfg = Release|Any CPU
		{62649890-9FB2-40B9-A215-48A119CF3C13}.Release|Any CPU.Build.0 = Release|Any CPU
	EndGlobalSection
	GlobalSection(SolutionProperties) = preSolution
		HideSolutionNode = FALSE
	EndGlobalSection
	GlobalSection(NestedProjects) = preSolution
		{53AF0990-16B9-437C-A9D4-3BD9D92B195D} = {60A0B974-9779-42BA-955D-8AFC2A78A4FF}
		{5ECBFAD5-535C-4994-B2C1-07B736611AEC} = {60A0B974-9779-42BA-955D-8AFC2A78A4FF}
		{90AB9E5B-BCC8-43F9-A2A6-D461C062F831} = {790A1522-D519-49CF-9A95-A02055DFDA42}
		{8B858241-7E66-4DFF-8FC9-386BCED25113} = {790A1522-D519-49CF-9A95-A02055DFDA42}
		{376491C7-1609-4B58-BF1D-B6030D9B07B6} = {78D23A5A-00DB-4512-BFC1-30A900043F6F}
		{827E7395-783D-460A-886F-495B79C39EE5} = {78D23A5A-00DB-4512-BFC1-30A900043F6F}
		{6C99F7C6-D2C3-42EC-AADD-69F1CF1CB982} = {7AB1676B-598B-4192-949D-C0B97F92F4A5}
		{CFA863C5-FA20-405D-A7D1-8D26E037DE9E} = {7AB1676B-598B-4192-949D-C0B97F92F4A5}
		{3FB71B16-3763-4228-B9CE-5346C90811CF} = {B56DC0D1-625B-4C5A-A9AD-E4818AFB9131}
		{B051239B-CD48-432F-9E0D-704F62CC3DCB} = {B56DC0D1-625B-4C5A-A9AD-E4818AFB9131}
		{BB679F59-7DD6-4FC4-B8A9-C5ADA6348FBE} = {17C535B3-B099-4B2D-966A-B2F1B42004EC}
		{A7E58D6F-DA72-4BF5-815F-2B8D7C2C783B} = {17C535B3-B099-4B2D-966A-B2F1B42004EC}
		{62649890-9FB2-40B9-A215-48A119CF3C13} = {17C535B3-B099-4B2D-966A-B2F1B42004EC}
	EndGlobalSection
	GlobalSection(ExtensibilityGlobals) = postSolution
		SolutionGuid = {F55A4CB6-BB30-48D5-8126-DE263D5737BF}
	EndGlobalSection
EndGlobal
